
Microsoft Visual Studio Solution File, Format Version 12.00
# Visual Studio 2013
VisualStudioVersion = 12.0.21005.1
MinimumVisualStudioVersion = 10.0.40219.1
Project("{FAE04EC0-301F-11D3-BF4B-00C04F79EFBC}") = "TOADEngine", "TOADEngine\TOADEngine.csproj", "{0A7E3B7C-C534-406F-84F8-9C674676520C}"
EndProject
Project("{FAE04EC0-301F-11D3-BF4B-00C04F79EFBC}") = "TOADEngine Editor", "TOADEngine Editor\TOADEngine Editor.csproj", "{1505D6DE-A086-4DCF-A94C-5C38BFA8F044}"
EndProject
Global
	GlobalSection(SolutionConfigurationPlatforms) = preSolution
		Debug|x86 = Debug|x86
		Release|x86 = Release|x86
	EndGlobalSection
	GlobalSection(ProjectConfigurationPlatforms) = postSolution
		{0A7E3B7C-C534-406F-84F8-9C674676520C}.Debug|x86.ActiveCfg = Debug|x86
		{0A7E3B7C-C534-406F-84F8-9C674676520C}.Debug|x86.Build.0 = Debug|x86
		{0A7E3B7C-C534-406F-84F8-9C674676520C}.Release|x86.ActiveCfg = Release|x86
		{0A7E3B7C-C534-406F-84F8-9C674676520C}.Release|x86.Build.0 = Release|x86
		{1505D6DE-A086-4DCF-A94C-5C38BFA8F044}.Debug|x86.ActiveCfg = Debug|x86
		{1505D6DE-A086-4DCF-A94C-5C38BFA8F044}.Debug|x86.Build.0 = Debug|x86
		{1505D6DE-A086-4DCF-A94C-5C38BFA8F044}.Release|x86.ActiveCfg = Release|x86
		{1505D6DE-A086-4DCF-A94C-5C38BFA8F044}.Release|x86.Build.0 = Release|x86
	EndGlobalSection
	GlobalSection(SolutionProperties) = preSolution
		HideSolutionNode = FALSE
	EndGlobalSection
EndGlobal
